
Microsoft Visual Studio Solution File, Format Version 12.00
# Visual Studio 2013
VisualStudioVersion = 12.0.30723.0
MinimumVisualStudioVersion = 10.0.40219.1
Project("{FAE04EC0-301F-11D3-BF4B-00C04F79EFBC}") = "DisneyPodcastDirectory", "DisneyPodcastDirectory\DisneyPodcastDirectory.csproj", "{5117C930-07F1-4E7A-AADD-4B4C7772F33E}"
EndProject
Project("{FAE04EC0-301F-11D3-BF4B-00C04F79EFBC}") = "DisneyPodcastDirectory.Tests", "DisneyPodcastDirectory.Tests\DisneyPodcastDirectory.Tests.csproj", "{37B2F3C7-8408-4E1C-BB76-02137B52C46F}"
EndProject
Project("{FAE04EC0-301F-11D3-BF4B-00C04F79EFBC}") = "FeedLister", "..\FeedLister\src\FeedLister\FeedLister.csproj", "{385DDE59-D6F0-40BC-8CE4-82CBBAEBE9BD}"
EndProject
Global
	GlobalSection(SolutionConfigurationPlatforms) = preSolution
		Debug|Any CPU = Debug|Any CPU
		Release|Any CPU = Release|Any CPU
	EndGlobalSection
	GlobalSection(ProjectConfigurationPlatforms) = postSolution
		{5117C930-07F1-4E7A-AADD-4B4C7772F33E}.Debug|Any CPU.ActiveCfg = Debug|Any CPU
		{5117C930-07F1-4E7A-AADD-4B4C7772F33E}.Debug|Any CPU.Build.0 = Debug|Any CPU
		{5117C930-07F1-4E7A-AADD-4B4C7772F33E}.Release|Any CPU.ActiveCfg = Release|Any CPU
		{5117C930-07F1-4E7A-AADD-4B4C7772F33E}.Release|Any CPU.Build.0 = Release|Any CPU
		{37B2F3C7-8408-4E1C-BB76-02137B52C46F}.Debug|Any CPU.ActiveCfg = Debug|Any CPU
		{37B2F3C7-8408-4E1C-BB76-02137B52C46F}.Debug|Any CPU.Build.0 = Debug|Any CPU
		{37B2F3C7-8408-4E1C-BB76-02137B52C46F}.Release|Any CPU.ActiveCfg = Release|Any CPU
		{37B2F3C7-8408-4E1C-BB76-02137B52C46F}.Release|Any CPU.Build.0 = Release|Any CPU
		{385DDE59-D6F0-40BC-8CE4-82CBBAEBE9BD}.Debug|Any CPU.ActiveCfg = Debug|Any CPU
		{385DDE59-D6F0-40BC-8CE4-82CBBAEBE9BD}.Debug|Any CPU.Build.0 = Debug|Any CPU
		{385DDE59-D6F0-40BC-8CE4-82CBBAEBE9BD}.Release|Any CPU.ActiveCfg = Release|Any CPU
		{385DDE59-D6F0-40BC-8CE4-82CBBAEBE9BD}.Release|Any CPU.Build.0 = Release|Any CPU
	EndGlobalSection
	GlobalSection(SolutionProperties) = preSolution
		HideSolutionNode = FALSE
	EndGlobalSection
EndGlobal
